
Microsoft Visual Studio Solution File, Format Version 12.00
# Visual Studio 15
VisualStudioVersion = 15.0.28307.489
MinimumVisualStudioVersion = 10.0.40219.1
Project("{FAE04EC0-301F-11D3-BF4B-00C04F79EFBC}") = "FixVolume", "FixVolume\FixVolume.csproj", "{C9D6B437-0E2C-4D9E-B1CE-8A87070F0B7B}"
EndProject
Global
	GlobalSection(SolutionConfigurationPlatforms) = preSolution
		Debug|Any CPU = Debug|Any CPU
		Release|Any CPU = Release|Any CPU
	EndGlobalSection
	GlobalSection(ProjectConfigurationPlatforms) = postSolution
		{C9D6B437-0E2C-4D9E-B1CE-8A87070F0B7B}.Debug|Any CPU.ActiveCfg = Debug|Any CPU
		{C9D6B437-0E2C-4D9E-B1CE-8A87070F0B7B}.Debug|Any CPU.Build.0 = Debug|Any CPU
		{C9D6B437-0E2C-4D9E-B1CE-8A87070F0B7B}.Release|Any CPU.ActiveCfg = Release|Any CPU
		{C9D6B437-0E2C-4D9E-B1CE-8A87070F0B7B}.Release|Any CPU.Build.0 = Release|Any CPU
	EndGlobalSection
	GlobalSection(SolutionProperties) = preSolution
		HideSolutionNode = FALSE
	EndGlobalSection
	GlobalSection(ExtensibilityGlobals) = postSolution
		SolutionGuid = {F68BC8B9-1A70-4D00-BE6A-AFB86E11FE64}
	EndGlobalSection
EndGlobal
